// !$*UTF8*$!
{
	archiveVersion = 1;
	classes = {
	};
	objectVersion = 50;
	objects = {

/* Begin PBXBuildFile section */
		796A01CE268094C700BD88AE /* AppDelegate.swift in Sources */ = {isa = PBXBuildFile; fileRef = 796A01CD268094C700BD88AE /* AppDelegate.swift */; };
		796A01D0268094C700BD88AE /* ViewController.swift in Sources */ = {isa = PBXBuildFile; fileRef = 796A01CF268094C700BD88AE /* ViewController.swift */; };
		796A01D2268094C700BD88AE /* Document.swift in Sources */ = {isa = PBXBuildFile; fileRef = 796A01D1268094C700BD88AE /* Document.swift */; };
		796A01D4268094CA00BD88AE /* Assets.xcassets in Resources */ = {isa = PBXBuildFile; fileRef = 796A01D3268094CA00BD88AE /* Assets.xcassets */; };
		796A01D7268094CA00BD88AE /* Main.storyboard in Resources */ = {isa = PBXBuildFile; fileRef = 796A01D5268094CA00BD88AE /* Main.storyboard */; };
		796A01E026809E7800BD88AE /* fonts in Resources */ = {isa = PBXBuildFile; fileRef = 796A01DF26809E7800BD88AE /* fonts */; };
		796A01E22680CD4000BD88AE /* Screenshot.swift in Sources */ = {isa = PBXBuildFile; fileRef = 796A01E12680CD4000BD88AE /* Screenshot.swift */; };
/* End PBXBuildFile section */

/* Begin PBXFileReference section */
		796A01CA268094C700BD88AE /* Screenable.app */ = {isa = PBXFileReference; explicitFileType = wrapper.application; includeInIndex = 0; path = Screenable.app; sourceTree = BUILT_PRODUCTS_DIR; };
		796A01CD268094C700BD88AE /* AppDelegate.swift */ = {isa = PBXFileReference; lastKnownFileType = sourcecode.swift; path = AppDelegate.swift; sourceTree = "<group>"; };
		796A01CF268094C700BD88AE /* ViewController.swift */ = {isa = PBXFileReference; lastKnownFileType = sourcecode.swift; path = ViewController.swift; sourceTree = "<group>"; };
		796A01D1268094C700BD88AE /* Document.swift */ = {isa = PBXFileReference; lastKnownFileType = sourcecode.swift; path = Document.swift; sourceTree = "<group>"; };
		796A01D3268094CA00BD88AE /* Assets.xcassets */ = {isa = PBXFileReference; lastKnownFileType = folder.assetcatalog; path = Assets.xcassets; sourceTree = "<group>"; };
		796A01D6268094CA00BD88AE /* Base */ = {isa = PBXFileReference; lastKnownFileType = file.storyboard; name = Base; path = Base.lproj/Main.storyboard; sourceTree = "<group>"; };
		796A01D8268094CA00BD88AE /* Info.plist */ = {isa = PBXFileReference; lastKnownFileType = text.plist.xml; path = Info.plist; sourceTree = "<group>"; };
		796A01D9268094CA00BD88AE /* Screenable.entitlements */ = {isa = PBXFileReference; lastKnownFileType = text.plist.entitlements; path = Screenable.entitlements; sourceTree = "<group>"; };
		796A01DF26809E7800BD88AE /* fonts */ = {isa = PBXFileReference; fileEncoding = 4; lastKnownFileType = text; path = fonts; sourceTree = "<group>"; };
		796A01E12680CD4000BD88AE /* Screenshot.swift */ = {isa = PBXFileReference; lastKnownFileType = sourcecode.swift; path = Screenshot.swift; sourceTree = "<group>"; };
/* End PBXFileReference section */

/* Begin PBXFrameworksBuildPhase section */
		796A01C7268094C700BD88AE /* Frameworks */ = {
			isa = PBXFrameworksBuildPhase;
			buildActionMask = 2147483647;
			files = (
			);
			runOnlyForDeploymentPostprocessing = 0;
		};
/* End PBXFrameworksBuildPhase section */

/* Begin PBXGroup section */
		796A01C1268094C700BD88AE = {
			isa = PBXGroup;
			children = (
				796A01CC268094C700BD88AE /* Screenable */,
				796A01CB268094C700BD88AE /* Products */,
			);
			sourceTree = "<group>";
		};
		796A01CB268094C700BD88AE /* Products */ = {
			isa = PBXGroup;
			children = (
				796A01CA268094C700BD88AE /* Screenable.app */,
			);
			name = Products;
			sourceTree = "<group>";
		};
		796A01CC268094C700BD88AE /* Screenable */ = {
			isa = PBXGroup;
			children = (
				796A01CD268094C700BD88AE /* AppDelegate.swift */,
				796A01CF268094C700BD88AE /* ViewController.swift */,
				796A01D1268094C700BD88AE /* Document.swift */,
				796A01E12680CD4000BD88AE /* Screenshot.swift */,
				796A01D3268094CA00BD88AE /* Assets.xcassets */,
				796A01D5268094CA00BD88AE /* Main.storyboard */,
				796A01D8268094CA00BD88AE /* Info.plist */,
				796A01D9268094CA00BD88AE /* Screenable.entitlements */,
				796A01DF26809E7800BD88AE /* fonts */,
			);
			path = Screenable;
			sourceTree = "<group>";
		};
/* End PBXGroup section */

/* Begin PBXNativeTarget section */
		796A01C9268094C700BD88AE /* Screenable */ = {
			isa = PBXNativeTarget;
			buildConfigurationList = 796A01DC268094CA00BD88AE /* Build configuration list for PBXNativeTarget "Screenable" */;
			buildPhases = (
				796A01C6268094C700BD88AE /* Sources */,
				796A01C7268094C700BD88AE /* Frameworks */,
				796A01C8268094C700BD88AE /* Resources */,
			);
			buildRules = (
			);
			dependencies = (
			);
			name = Screenable;
			productName = Screenable;
			productReference = 796A01CA268094C700BD88AE /* Screenable.app */;
			productType = "com.apple.product-type.application";
		};
/* End PBXNativeTarget section */

/* Begin PBXProject section */
		796A01C2268094C700BD88AE /* Project object */ = {
			isa = PBXProject;
			attributes = {
				LastSwiftUpdateCheck = 1250;
				LastUpgradeCheck = 1250;
				TargetAttributes = {
					796A01C9268094C700BD88AE = {
						CreatedOnToolsVersion = 12.5;
					};
				};
			};
			buildConfigurationList = 796A01C5268094C700BD88AE /* Build configuration list for PBXProject "Screenable" */;
			compatibilityVersion = "Xcode 9.3";
			developmentRegion = en;
			hasScannedForEncodings = 0;
			knownRegions = (
				en,
				Base,
			);
			mainGroup = 796A01C1268094C700BD88AE;
			productRefGroup = 796A01CB268094C700BD88AE /* Products */;
			projectDirPath = "";
			projectRoot = "";
			targets = (
				796A01C9268094C700BD88AE /* Screenable */,
			);
		};
/* End PBXProject section */

/* Begin PBXResourcesBuildPhase section */
		796A01C8268094C700BD88AE /* Resources */ = {
			isa = PBXResourcesBuildPhase;
			buildActionMask = 2147483647;
			files = (
				796A01E026809E7800BD88AE /* fonts in Resources */,
				796A01D4268094CA00BD88AE /* Assets.xcassets in Resources */,
				796A01D7268094CA00BD88AE /* Main.storyboard in Resources */,
			);
			runOnlyForDeploymentPostprocessing = 0;
		};
/* End PBXResourcesBuildPhase section */

/* Begin PBXSourcesBuildPhase section */
		796A01C6268094C700BD88AE /* Sources */ = {
			isa = PBXSourcesBuildPhase;
			buildActionMask = 2147483647;
			files = (
				796A01D0268094C700BD88AE /* ViewController.swift in Sources */,
				796A01E22680CD4000BD88AE /* Screenshot.swift in Sources */,
				796A01CE268094C700BD88AE /* AppDelegate.swift in Sources */,
				796A01D2268094C700BD88AE /* Document.swift in Sources */,
			);
			runOnlyForDeploymentPostprocessing = 0;
		};
/* End PBXSourcesBuildPhase section */

/* Begin PBXVariantGroup section */
		796A01D5268094CA00BD88AE /* Main.storyboard */ = {
			isa = PBXVariantGroup;
			children = (
				796A01D6268094CA00BD88AE /* Base */,
			);
			name = Main.storyboard;
			sourceTree = "<group>";
		};
/* End PBXVariantGroup section */

/* Begin XCBuildConfiguration section */
		796A01DA268094CA00BD88AE /* Debug */ = {
			isa = XCBuildConfiguration;
			buildSettings = {
				ALWAYS_SEARCH_USER_PATHS = NO;
				CLANG_ANALYZER_NONNULL = YES;
				CLANG_ANALYZER_NUMBER_OBJECT_CONVERSION = YES_AGGRESSIVE;
				CLANG_CXX_LANGUAGE_STANDARD = "gnu++14";
				CLANG_CXX_LIBRARY = "libc++";
				CLANG_ENABLE_MODULES = YES;
				CLANG_ENABLE_OBJC_ARC = YES;
				CLANG_ENABLE_OBJC_WEAK = YES;
				CLANG_WARN_BLOCK_CAPTURE_AUTORELEASING = YES;
				CLANG_WARN_BOOL_CONVERSION = YES;
				CLANG_WARN_COMMA = YES;
				CLANG_WARN_CONSTANT_CONVERSION = YES;
				CLANG_WARN_DEPRECATED_OBJC_IMPLEMENTATIONS = YES;
				CLANG_WARN_DIRECT_OBJC_ISA_USAGE = YES_ERROR;
				CLANG_WARN_DOCUMENTATION_COMMENTS = YES;
				CLANG_WARN_EMPTY_BODY = YES;
				CLANG_WARN_ENUM_CONVERSION = YES;
				CLANG_WARN_INFINITE_RECURSION = YES;
				CLANG_WARN_INT_CONVERSION = YES;
				CLANG_WARN_NON_LITERAL_NULL_CONVERSION = YES;
				CLANG_WARN_OBJC_IMPLICIT_RETAIN_SELF = YES;
				CLANG_WARN_OBJC_LITERAL_CONVERSION = YES;
				CLANG_WARN_OBJC_ROOT_CLASS = YES_ERROR;
				CLANG_WARN_QUOTED_INCLUDE_IN_FRAMEWORK_HEADER = YES;
				CLANG_WARN_RANGE_LOOP_ANALYSIS = YES;
				CLANG_WARN_STRICT_PROTOTYPES = YES;
				CLANG_WARN_SUSPICIOUS_MOVE = YES;
				CLANG_WARN_UNGUARDED_AVAILABILITY = YES_AGGRESSIVE;
				CLANG_WARN_UNREACHABLE_CODE = YES;
				CLANG_WARN__DUPLICATE_METHOD_MATCH = YES;
				COPY_PHASE_STRIP = NO;
				DEBUG_INFORMATION_FORMAT = dwarf;
				ENABLE_STRICT_OBJC_MSGSEND = YES;
				ENABLE_TESTABILITY = YES;
				GCC_C_LANGUAGE_STANDARD = gnu11;
				GCC_DYNAMIC_NO_PIC = NO;
				GCC_NO_COMMON_BLOCKS = YES;
				GCC_OPTIMIZATION_LEVEL = 0;
				GCC_PREPROCESSOR_DEFINITIONS = (
					"DEBUG=1",
					"$(inherited)",
				);
				GCC_WARN_64_TO_32_BIT_CONVERSION = YES;
				GCC_WARN_ABOUT_RETURN_TYPE = YES_ERROR;
				GCC_WARN_UNDECLARED_SELECTOR = YES;
				GCC_WARN_UNINITIALIZED_AUTOS = YES_AGGRESSIVE;
				GCC_WARN_UNUSED_FUNCTION = YES;
				GCC_WARN_UNUSED_VARIABLE = YES;
				MACOSX_DEPLOYMENT_TARGET = 11.3;
				MTL_ENABLE_DEBUG_INFO = INCLUDE_SOURCE;
				MTL_FAST_MATH = YES;
				ONLY_ACTIVE_ARCH = YES;
				SDKROOT = macosx;
				SWIFT_ACTIVE_COMPILATION_CONDITIONS = DEBUG;
				SWIFT_OPTIMIZATION_LEVEL = "-Onone";
			};
			name = Debug;
		};
		796A01DB268094CA00BD88AE /* Release */ = {
			isa = XCBuildConfiguration;
			buildSettings = {
				ALWAYS_SEARCH_USER_PATHS = NO;
				CLANG_ANALYZER_NONNULL = YES;
				CLANG_ANALYZER_NUMBER_OBJECT_CONVERSION = YES_AGGRESSIVE;
				CLANG_CXX_LANGUAGE_STANDARD = "gnu++14";
				CLANG_CXX_LIBRARY = "libc++";
				CLANG_ENABLE_MODULES = YES;
				CLANG_ENABLE_OBJC_ARC = YES;
				CLANG_ENABLE_OBJC_WEAK = YES;
				CLANG_WARN_BLOCK_CAPTURE_AUTORELEASING = YES;
				CLANG_WARN_BOOL_CONVERSION = YES;
				CLANG_WARN_COMMA = YES;
				CLANG_WARN_CONSTANT_CONVERSION = YES;
				CLANG_WARN_DEPRECATED_OBJC_IMPLEMENTATIONS = YES;
				CLANG_WARN_DIRECT_OBJC_ISA_USAGE = YES_ERROR;
				CLANG_WARN_DOCUMENTATION_COMMENTS = YES;
				CLANG_WARN_EMPTY_BODY = YES;
				CLANG_WARN_ENUM_CONVERSION = YES;
				CLANG_WARN_INFINITE_RECURSION = YES;
				CLANG_WARN_INT_CONVERSION = YES;
				CLANG_WARN_NON_LITERAL_NULL_CONVERSION = YES;
				CLANG_WARN_OBJC_IMPLICIT_RETAIN_SELF = YES;
				CLANG_WARN_OBJC_LITERAL_CONVERSION = YES;
				CLANG_WARN_OBJC_ROOT_CLASS = YES_ERROR;
				CLANG_WARN_QUOTED_INCLUDE_IN_FRAMEWORK_HEADER = YES;
				CLANG_WARN_RANGE_LOOP_ANALYSIS = YES;
				CLANG_WARN_STRICT_PROTOTYPES = YES;
				CLANG_WARN_SUSPICIOUS_MOVE = YES;
				CLANG_WARN_UNGUARDED_AVAILABILITY = YES_AGGRESSIVE;
				CLANG_WARN_UNREACHABLE_CODE = YES;
				CLANG_WARN__DUPLICATE_METHOD_MATCH = YES;
				COPY_PHASE_STRIP = NO;
				DEBUG_INFORMATION_FORMAT = "dwarf-with-dsym";
				ENABLE_NS_ASSERTIONS = NO;
				ENABLE_STRICT_OBJC_MSGSEND = YES;
				GCC_C_LANGUAGE_STANDARD = gnu11;
				GCC_NO_COMMON_BLOCKS = YES;
				GCC_WARN_64_TO_32_BIT_CONVERSION = YES;
				GCC_WARN_ABOUT_RETURN_TYPE = YES_ERROR;
				GCC_WARN_UNDECLARED_SELECTOR = YES;
				GCC_WARN_UNINITIALIZED_AUTOS = YES_AGGRESSIVE;
				GCC_WARN_UNUSED_FUNCTION = YES;
				GCC_WARN_UNUSED_VARIABLE = YES;
				MACOSX_DEPLOYMENT_TARGET = 11.3;
				MTL_ENABLE_DEBUG_INFO = NO;
				MTL_FAST_MATH = YES;
				SDKROOT = macosx;
				SWIFT_COMPILATION_MODE = wholemodule;
				SWIFT_OPTIMIZATION_LEVEL = "-O";
			};
			name = Release;
		};
		796A01DD268094CA00BD88AE /* Debug */ = {
			isa = XCBuildConfiguration;
			buildSettings = {
				ASSETCATALOG_COMPILER_APPICON_NAME = AppIcon;
				ASSETCATALOG_COMPILER_GLOBAL_ACCENT_COLOR_NAME = AccentColor;
				CODE_SIGN_ENTITLEMENTS = Screenable/Screenable.entitlements;
				CODE_SIGN_STYLE = Automatic;
				COMBINE_HIDPI_IMAGES = YES;
				DEVELOPMENT_TEAM = L2BC5TCSR5;
				ENABLE_HARDENED_RUNTIME = YES;
				INFOPLIST_FILE = Screenable/Info.plist;
				LD_RUNPATH_SEARCH_PATHS = (
					"$(inherited)",
					"@executable_path/../Frameworks",
				);
				PRODUCT_BUNDLE_IDENTIFIER = com.garageminfinita.Screenable;
				PRODUCT_NAME = "$(TARGET_NAME)";
				SWIFT_VERSION = 5.0;
			};
			name = Debug;
		};
		796A01DE268094CA00BD88AE /* Release */ = {
			isa = XCBuildConfiguration;
			buildSettings = {
				ASSETCATALOG_COMPILER_APPICON_NAME = AppIcon;
				ASSETCATALOG_COMPILER_GLOBAL_ACCENT_COLOR_NAME = AccentColor;
				CODE_SIGN_ENTITLEMENTS = Screenable/Screenable.entitlements;
				CODE_SIGN_STYLE = Automatic;
				COMBINE_HIDPI_IMAGES = YES;
				DEVELOPMENT_TEAM = L2BC5TCSR5;
				ENABLE_HARDENED_RUNTIME = YES;
				INFOPLIST_FILE = Screenable/Info.plist;
				LD_RUNPATH_SEARCH_PATHS = (
					"$(inherited)",
					"@executable_path/../Frameworks",
				);
				PRODUCT_BUNDLE_IDENTIFIER = com.garageminfinita.Screenable;
				PRODUCT_NAME = "$(TARGET_NAME)";
				SWIFT_VERSION = 5.0;
			};
			name = Release;
		};
/* End XCBuildConfiguration section */

/* Begin XCConfigurationList section */
		796A01C5268094C700BD88AE /* Build configuration list for PBXProject "Screenable" */ = {
			isa = XCConfigurationList;
			buildConfigurations = (
				796A01DA268094CA00BD88AE /* Debug */,
				796A01DB268094CA00BD88AE /* Release */,
			);
			defaultConfigurationIsVisible = 0;
			defaultConfigurationName = Release;
		};
		796A01DC268094CA00BD88AE /* Build configuration list for PBXNativeTarget "Screenable" */ = {
			isa = XCConfigurationList;
			buildConfigurations = (
				796A01DD268094CA00BD88AE /* Debug */,
				796A01DE268094CA00BD88AE /* Release */,
			);
			defaultConfigurationIsVisible = 0;
			defaultConfigurationName = Release;
		};
/* End XCConfigurationList section */
	};
	rootObject = 796A01C2268094C700BD88AE /* Project object */;
}
