// !$*UTF8*$!
{
	archiveVersion = 1;
	classes = {
	};
	objectVersion = 50;
	objects = {

/* Begin PBXBuildFile section */
		791BB391267CE29C00304D2E /* AppDelegate.swift in Sources */ = {isa = PBXBuildFile; fileRef = 791BB390267CE29C00304D2E /* AppDelegate.swift */; };
		791BB393267CE29D00304D2E /* GameScene.sks in Resources */ = {isa = PBXBuildFile; fileRef = 791BB392267CE29D00304D2E /* GameScene.sks */; };
		791BB397267CE29D00304D2E /* GameScene.swift in Sources */ = {isa = PBXBuildFile; fileRef = 791BB396267CE29D00304D2E /* GameScene.swift */; };
		791BB399267CE29D00304D2E /* ViewController.swift in Sources */ = {isa = PBXBuildFile; fileRef = 791BB398267CE29D00304D2E /* ViewController.swift */; };
		791BB39B267CE2A000304D2E /* Assets.xcassets in Resources */ = {isa = PBXBuildFile; fileRef = 791BB39A267CE2A000304D2E /* Assets.xcassets */; };
		791BB39E267CE2A000304D2E /* Main.storyboard in Resources */ = {isa = PBXBuildFile; fileRef = 791BB39C267CE2A000304D2E /* Main.storyboard */; };
		791BB3A7267CE36E00304D2E /* balls.atlas in Resources */ = {isa = PBXBuildFile; fileRef = 791BB3A6267CE36E00304D2E /* balls.atlas */; };
		791BB3A9267CE40000304D2E /* Ball.swift in Sources */ = {isa = PBXBuildFile; fileRef = 791BB3A8267CE40000304D2E /* Ball.swift */; };
		791BB3AB267CEDC700304D2E /* Fire.sks in Resources */ = {isa = PBXBuildFile; fileRef = 791BB3AA267CEDC700304D2E /* Fire.sks */; };
/* End PBXBuildFile section */

/* Begin PBXFileReference section */
		791BB38D267CE29C00304D2E /* Match Three.app */ = {isa = PBXFileReference; explicitFileType = wrapper.application; includeInIndex = 0; path = "Match Three.app"; sourceTree = BUILT_PRODUCTS_DIR; };
		791BB390267CE29C00304D2E /* AppDelegate.swift */ = {isa = PBXFileReference; lastKnownFileType = sourcecode.swift; path = AppDelegate.swift; sourceTree = "<group>"; };
		791BB392267CE29D00304D2E /* GameScene.sks */ = {isa = PBXFileReference; lastKnownFileType = file.sks; path = GameScene.sks; sourceTree = "<group>"; };
		791BB396267CE29D00304D2E /* GameScene.swift */ = {isa = PBXFileReference; lastKnownFileType = sourcecode.swift; path = GameScene.swift; sourceTree = "<group>"; };
		791BB398267CE29D00304D2E /* ViewController.swift */ = {isa = PBXFileReference; lastKnownFileType = sourcecode.swift; path = ViewController.swift; sourceTree = "<group>"; };
		791BB39A267CE2A000304D2E /* Assets.xcassets */ = {isa = PBXFileReference; lastKnownFileType = folder.assetcatalog; path = Assets.xcassets; sourceTree = "<group>"; };
		791BB39D267CE2A000304D2E /* Base */ = {isa = PBXFileReference; lastKnownFileType = file.storyboard; name = Base; path = Base.lproj/Main.storyboard; sourceTree = "<group>"; };
		791BB39F267CE2A000304D2E /* Info.plist */ = {isa = PBXFileReference; lastKnownFileType = text.plist.xml; path = Info.plist; sourceTree = "<group>"; };
		791BB3A0267CE2A000304D2E /* Match_Three.entitlements */ = {isa = PBXFileReference; lastKnownFileType = text.plist.entitlements; path = Match_Three.entitlements; sourceTree = "<group>"; };
		791BB3A6267CE36E00304D2E /* balls.atlas */ = {isa = PBXFileReference; lastKnownFileType = folder.skatlas; path = balls.atlas; sourceTree = "<group>"; };
		791BB3A8267CE40000304D2E /* Ball.swift */ = {isa = PBXFileReference; lastKnownFileType = sourcecode.swift; path = Ball.swift; sourceTree = "<group>"; };
		791BB3AA267CEDC700304D2E /* Fire.sks */ = {isa = PBXFileReference; lastKnownFileType = file.sks; path = Fire.sks; sourceTree = "<group>"; };
/* End PBXFileReference section */

/* Begin PBXFrameworksBuildPhase section */
		791BB38A267CE29C00304D2E /* Frameworks */ = {
			isa = PBXFrameworksBuildPhase;
			buildActionMask = 2147483647;
			files = (
			);
			runOnlyForDeploymentPostprocessing = 0;
		};
/* End PBXFrameworksBuildPhase section */

/* Begin PBXGroup section */
		791BB384267CE29C00304D2E = {
			isa = PBXGroup;
			children = (
				791BB38F267CE29C00304D2E /* Match Three */,
				791BB38E267CE29C00304D2E /* Products */,
			);
			sourceTree = "<group>";
		};
		791BB38E267CE29C00304D2E /* Products */ = {
			isa = PBXGroup;
			children = (
				791BB38D267CE29C00304D2E /* Match Three.app */,
			);
			name = Products;
			sourceTree = "<group>";
		};
		791BB38F267CE29C00304D2E /* Match Three */ = {
			isa = PBXGroup;
			children = (
				791BB390267CE29C00304D2E /* AppDelegate.swift */,
				791BB392267CE29D00304D2E /* GameScene.sks */,
				791BB396267CE29D00304D2E /* GameScene.swift */,
				791BB3AA267CEDC700304D2E /* Fire.sks */,
				791BB398267CE29D00304D2E /* ViewController.swift */,
				791BB3A8267CE40000304D2E /* Ball.swift */,
				791BB39A267CE2A000304D2E /* Assets.xcassets */,
				791BB39C267CE2A000304D2E /* Main.storyboard */,
				791BB39F267CE2A000304D2E /* Info.plist */,
				791BB3A0267CE2A000304D2E /* Match_Three.entitlements */,
				791BB3A6267CE36E00304D2E /* balls.atlas */,
			);
			path = "Match Three";
			sourceTree = "<group>";
		};
/* End PBXGroup section */

/* Begin PBXNativeTarget section */
		791BB38C267CE29C00304D2E /* Match Three */ = {
			isa = PBXNativeTarget;
			buildConfigurationList = 791BB3A3267CE2A000304D2E /* Build configuration list for PBXNativeTarget "Match Three" */;
			buildPhases = (
				791BB389267CE29C00304D2E /* Sources */,
				791BB38A267CE29C00304D2E /* Frameworks */,
				791BB38B267CE29C00304D2E /* Resources */,
			);
			buildRules = (
			);
			dependencies = (
			);
			name = "Match Three";
			productName = "Match Three";
			productReference = 791BB38D267CE29C00304D2E /* Match Three.app */;
			productType = "com.apple.product-type.application";
		};
/* End PBXNativeTarget section */

/* Begin PBXProject section */
		791BB385267CE29C00304D2E /* Project object */ = {
			isa = PBXProject;
			attributes = {
				LastSwiftUpdateCheck = 1250;
				LastUpgradeCheck = 1250;
				TargetAttributes = {
					791BB38C267CE29C00304D2E = {
						CreatedOnToolsVersion = 12.5;
					};
				};
			};
			buildConfigurationList = 791BB388267CE29C00304D2E /* Build configuration list for PBXProject "Match Three" */;
			compatibilityVersion = "Xcode 9.3";
			developmentRegion = en;
			hasScannedForEncodings = 0;
			knownRegions = (
				en,
				Base,
			);
			mainGroup = 791BB384267CE29C00304D2E;
			productRefGroup = 791BB38E267CE29C00304D2E /* Products */;
			projectDirPath = "";
			projectRoot = "";
			targets = (
				791BB38C267CE29C00304D2E /* Match Three */,
			);
		};
/* End PBXProject section */

/* Begin PBXResourcesBuildPhase section */
		791BB38B267CE29C00304D2E /* Resources */ = {
			isa = PBXResourcesBuildPhase;
			buildActionMask = 2147483647;
			files = (
				791BB3A7267CE36E00304D2E /* balls.atlas in Resources */,
				791BB393267CE29D00304D2E /* GameScene.sks in Resources */,
				791BB39B267CE2A000304D2E /* Assets.xcassets in Resources */,
				791BB3AB267CEDC700304D2E /* Fire.sks in Resources */,
				791BB39E267CE2A000304D2E /* Main.storyboard in Resources */,
			);
			runOnlyForDeploymentPostprocessing = 0;
		};
/* End PBXResourcesBuildPhase section */

/* Begin PBXSourcesBuildPhase section */
		791BB389267CE29C00304D2E /* Sources */ = {
			isa = PBXSourcesBuildPhase;
			buildActionMask = 2147483647;
			files = (
				791BB3A9267CE40000304D2E /* Ball.swift in Sources */,
				791BB399267CE29D00304D2E /* ViewController.swift in Sources */,
				791BB397267CE29D00304D2E /* GameScene.swift in Sources */,
				791BB391267CE29C00304D2E /* AppDelegate.swift in Sources */,
			);
			runOnlyForDeploymentPostprocessing = 0;
		};
/* End PBXSourcesBuildPhase section */

/* Begin PBXVariantGroup section */
		791BB39C267CE2A000304D2E /* Main.storyboard */ = {
			isa = PBXVariantGroup;
			children = (
				791BB39D267CE2A000304D2E /* Base */,
			);
			name = Main.storyboard;
			sourceTree = "<group>";
		};
/* End PBXVariantGroup section */

/* Begin XCBuildConfiguration section */
		791BB3A1267CE2A000304D2E /* Debug */ = {
			isa = XCBuildConfiguration;
			buildSettings = {
				ALWAYS_SEARCH_USER_PATHS = NO;
				CLANG_ANALYZER_NONNULL = YES;
				CLANG_ANALYZER_NUMBER_OBJECT_CONVERSION = YES_AGGRESSIVE;
				CLANG_CXX_LANGUAGE_STANDARD = "gnu++14";
				CLANG_CXX_LIBRARY = "libc++";
				CLANG_ENABLE_MODULES = YES;
				CLANG_ENABLE_OBJC_ARC = YES;
				CLANG_ENABLE_OBJC_WEAK = YES;
				CLANG_WARN_BLOCK_CAPTURE_AUTORELEASING = YES;
				CLANG_WARN_BOOL_CONVERSION = YES;
				CLANG_WARN_COMMA = YES;
				CLANG_WARN_CONSTANT_CONVERSION = YES;
				CLANG_WARN_DEPRECATED_OBJC_IMPLEMENTATIONS = YES;
				CLANG_WARN_DIRECT_OBJC_ISA_USAGE = YES_ERROR;
				CLANG_WARN_DOCUMENTATION_COMMENTS = YES;
				CLANG_WARN_EMPTY_BODY = YES;
				CLANG_WARN_ENUM_CONVERSION = YES;
				CLANG_WARN_INFINITE_RECURSION = YES;
				CLANG_WARN_INT_CONVERSION = YES;
				CLANG_WARN_NON_LITERAL_NULL_CONVERSION = YES;
				CLANG_WARN_OBJC_IMPLICIT_RETAIN_SELF = YES;
				CLANG_WARN_OBJC_LITERAL_CONVERSION = YES;
				CLANG_WARN_OBJC_ROOT_CLASS = YES_ERROR;
				CLANG_WARN_QUOTED_INCLUDE_IN_FRAMEWORK_HEADER = YES;
				CLANG_WARN_RANGE_LOOP_ANALYSIS = YES;
				CLANG_WARN_STRICT_PROTOTYPES = YES;
				CLANG_WARN_SUSPICIOUS_MOVE = YES;
				CLANG_WARN_UNGUARDED_AVAILABILITY = YES_AGGRESSIVE;
				CLANG_WARN_UNREACHABLE_CODE = YES;
				CLANG_WARN__DUPLICATE_METHOD_MATCH = YES;
				COPY_PHASE_STRIP = NO;
				DEBUG_INFORMATION_FORMAT = dwarf;
				ENABLE_STRICT_OBJC_MSGSEND = YES;
				ENABLE_TESTABILITY = YES;
				GCC_C_LANGUAGE_STANDARD = gnu11;
				GCC_DYNAMIC_NO_PIC = NO;
				GCC_NO_COMMON_BLOCKS = YES;
				GCC_OPTIMIZATION_LEVEL = 0;
				GCC_PREPROCESSOR_DEFINITIONS = (
					"DEBUG=1",
					"$(inherited)",
				);
				GCC_WARN_64_TO_32_BIT_CONVERSION = YES;
				GCC_WARN_ABOUT_RETURN_TYPE = YES_ERROR;
				GCC_WARN_UNDECLARED_SELECTOR = YES;
				GCC_WARN_UNINITIALIZED_AUTOS = YES_AGGRESSIVE;
				GCC_WARN_UNUSED_FUNCTION = YES;
				GCC_WARN_UNUSED_VARIABLE = YES;
				MACOSX_DEPLOYMENT_TARGET = 11.3;
				MTL_ENABLE_DEBUG_INFO = INCLUDE_SOURCE;
				MTL_FAST_MATH = YES;
				ONLY_ACTIVE_ARCH = YES;
				SDKROOT = macosx;
				SWIFT_ACTIVE_COMPILATION_CONDITIONS = DEBUG;
				SWIFT_OPTIMIZATION_LEVEL = "-Onone";
			};
			name = Debug;
		};
		791BB3A2267CE2A000304D2E /* Release */ = {
			isa = XCBuildConfiguration;
			buildSettings = {
				ALWAYS_SEARCH_USER_PATHS = NO;
				CLANG_ANALYZER_NONNULL = YES;
				CLANG_ANALYZER_NUMBER_OBJECT_CONVERSION = YES_AGGRESSIVE;
				CLANG_CXX_LANGUAGE_STANDARD = "gnu++14";
				CLANG_CXX_LIBRARY = "libc++";
				CLANG_ENABLE_MODULES = YES;
				CLANG_ENABLE_OBJC_ARC = YES;
				CLANG_ENABLE_OBJC_WEAK = YES;
				CLANG_WARN_BLOCK_CAPTURE_AUTORELEASING = YES;
				CLANG_WARN_BOOL_CONVERSION = YES;
				CLANG_WARN_COMMA = YES;
				CLANG_WARN_CONSTANT_CONVERSION = YES;
				CLANG_WARN_DEPRECATED_OBJC_IMPLEMENTATIONS = YES;
				CLANG_WARN_DIRECT_OBJC_ISA_USAGE = YES_ERROR;
				CLANG_WARN_DOCUMENTATION_COMMENTS = YES;
				CLANG_WARN_EMPTY_BODY = YES;
				CLANG_WARN_ENUM_CONVERSION = YES;
				CLANG_WARN_INFINITE_RECURSION = YES;
				CLANG_WARN_INT_CONVERSION = YES;
				CLANG_WARN_NON_LITERAL_NULL_CONVERSION = YES;
				CLANG_WARN_OBJC_IMPLICIT_RETAIN_SELF = YES;
				CLANG_WARN_OBJC_LITERAL_CONVERSION = YES;
				CLANG_WARN_OBJC_ROOT_CLASS = YES_ERROR;
				CLANG_WARN_QUOTED_INCLUDE_IN_FRAMEWORK_HEADER = YES;
				CLANG_WARN_RANGE_LOOP_ANALYSIS = YES;
				CLANG_WARN_STRICT_PROTOTYPES = YES;
				CLANG_WARN_SUSPICIOUS_MOVE = YES;
				CLANG_WARN_UNGUARDED_AVAILABILITY = YES_AGGRESSIVE;
				CLANG_WARN_UNREACHABLE_CODE = YES;
				CLANG_WARN__DUPLICATE_METHOD_MATCH = YES;
				COPY_PHASE_STRIP = NO;
				DEBUG_INFORMATION_FORMAT = "dwarf-with-dsym";
				ENABLE_NS_ASSERTIONS = NO;
				ENABLE_STRICT_OBJC_MSGSEND = YES;
				GCC_C_LANGUAGE_STANDARD = gnu11;
				GCC_NO_COMMON_BLOCKS = YES;
				GCC_WARN_64_TO_32_BIT_CONVERSION = YES;
				GCC_WARN_ABOUT_RETURN_TYPE = YES_ERROR;
				GCC_WARN_UNDECLARED_SELECTOR = YES;
				GCC_WARN_UNINITIALIZED_AUTOS = YES_AGGRESSIVE;
				GCC_WARN_UNUSED_FUNCTION = YES;
				GCC_WARN_UNUSED_VARIABLE = YES;
				MACOSX_DEPLOYMENT_TARGET = 11.3;
				MTL_ENABLE_DEBUG_INFO = NO;
				MTL_FAST_MATH = YES;
				SDKROOT = macosx;
				SWIFT_COMPILATION_MODE = wholemodule;
				SWIFT_OPTIMIZATION_LEVEL = "-O";
			};
			name = Release;
		};
		791BB3A4267CE2A000304D2E /* Debug */ = {
			isa = XCBuildConfiguration;
			buildSettings = {
				ASSETCATALOG_COMPILER_APPICON_NAME = AppIcon;
				ASSETCATALOG_COMPILER_GLOBAL_ACCENT_COLOR_NAME = AccentColor;
				CODE_SIGN_ENTITLEMENTS = "Match Three/Match_Three.entitlements";
				CODE_SIGN_STYLE = Automatic;
				COMBINE_HIDPI_IMAGES = YES;
				DEVELOPMENT_TEAM = L2BC5TCSR5;
				ENABLE_HARDENED_RUNTIME = YES;
				INFOPLIST_FILE = "Match Three/Info.plist";
				LD_RUNPATH_SEARCH_PATHS = (
					"$(inherited)",
					"@executable_path/../Frameworks",
				);
				PRODUCT_BUNDLE_IDENTIFIER = "com.garageminfinita.Match-Three";
				PRODUCT_NAME = "$(TARGET_NAME)";
				SWIFT_VERSION = 5.0;
			};
			name = Debug;
		};
		791BB3A5267CE2A000304D2E /* Release */ = {
			isa = XCBuildConfiguration;
			buildSettings = {
				ASSETCATALOG_COMPILER_APPICON_NAME = AppIcon;
				ASSETCATALOG_COMPILER_GLOBAL_ACCENT_COLOR_NAME = AccentColor;
				CODE_SIGN_ENTITLEMENTS = "Match Three/Match_Three.entitlements";
				CODE_SIGN_STYLE = Automatic;
				COMBINE_HIDPI_IMAGES = YES;
				DEVELOPMENT_TEAM = L2BC5TCSR5;
				ENABLE_HARDENED_RUNTIME = YES;
				INFOPLIST_FILE = "Match Three/Info.plist";
				LD_RUNPATH_SEARCH_PATHS = (
					"$(inherited)",
					"@executable_path/../Frameworks",
				);
				PRODUCT_BUNDLE_IDENTIFIER = "com.garageminfinita.Match-Three";
				PRODUCT_NAME = "$(TARGET_NAME)";
				SWIFT_VERSION = 5.0;
			};
			name = Release;
		};
/* End XCBuildConfiguration section */

/* Begin XCConfigurationList section */
		791BB388267CE29C00304D2E /* Build configuration list for PBXProject "Match Three" */ = {
			isa = XCConfigurationList;
			buildConfigurations = (
				791BB3A1267CE2A000304D2E /* Debug */,
				791BB3A2267CE2A000304D2E /* Release */,
			);
			defaultConfigurationIsVisible = 0;
			defaultConfigurationName = Release;
		};
		791BB3A3267CE2A000304D2E /* Build configuration list for PBXNativeTarget "Match Three" */ = {
			isa = XCConfigurationList;
			buildConfigurations = (
				791BB3A4267CE2A000304D2E /* Debug */,
				791BB3A5267CE2A000304D2E /* Release */,
			);
			defaultConfigurationIsVisible = 0;
			defaultConfigurationName = Release;
		};
/* End XCConfigurationList section */
	};
	rootObject = 791BB385267CE29C00304D2E /* Project object */;
}
