// !$*UTF8*$!
{
	archiveVersion = 1;
	classes = {
	};
	objectVersion = 50;
	objects = {

/* Begin PBXBuildFile section */
		7994B8772631954F0028C14A /* AppDelegate.swift in Sources */ = {isa = PBXBuildFile; fileRef = 7994B8762631954F0028C14A /* AppDelegate.swift */; };
		7994B8792631954F0028C14A /* SceneDelegate.swift in Sources */ = {isa = PBXBuildFile; fileRef = 7994B8782631954F0028C14A /* SceneDelegate.swift */; };
		7994B87B2631954F0028C14A /* ViewController.swift in Sources */ = {isa = PBXBuildFile; fileRef = 7994B87A2631954F0028C14A /* ViewController.swift */; };
		7994B87E2631954F0028C14A /* Main.storyboard in Resources */ = {isa = PBXBuildFile; fileRef = 7994B87C2631954F0028C14A /* Main.storyboard */; };
		7994B880263195540028C14A /* Assets.xcassets in Resources */ = {isa = PBXBuildFile; fileRef = 7994B87F263195540028C14A /* Assets.xcassets */; };
		7994B883263195540028C14A /* LaunchScreen.storyboard in Resources */ = {isa = PBXBuildFile; fileRef = 7994B881263195540028C14A /* LaunchScreen.storyboard */; };
		7994B88E263195540028C14A /* Storm_ViewerTests.swift in Sources */ = {isa = PBXBuildFile; fileRef = 7994B88D263195540028C14A /* Storm_ViewerTests.swift */; };
		7994B899263195540028C14A /* Storm_ViewerUITests.swift in Sources */ = {isa = PBXBuildFile; fileRef = 7994B898263195540028C14A /* Storm_ViewerUITests.swift */; };
		7994B8B4263195890028C14A /* nssl0049.jpg in Resources */ = {isa = PBXBuildFile; fileRef = 7994B8AA263195890028C14A /* nssl0049.jpg */; };
		7994B8B5263195890028C14A /* nssl0046.jpg in Resources */ = {isa = PBXBuildFile; fileRef = 7994B8AB263195890028C14A /* nssl0046.jpg */; };
		7994B8B6263195890028C14A /* nssl0091.jpg in Resources */ = {isa = PBXBuildFile; fileRef = 7994B8AC263195890028C14A /* nssl0091.jpg */; };
		7994B8B7263195890028C14A /* nssl0045.jpg in Resources */ = {isa = PBXBuildFile; fileRef = 7994B8AD263195890028C14A /* nssl0045.jpg */; };
		7994B8B8263195890028C14A /* nssl0051.jpg in Resources */ = {isa = PBXBuildFile; fileRef = 7994B8AE263195890028C14A /* nssl0051.jpg */; };
		7994B8B9263195890028C14A /* nssl0041.jpg in Resources */ = {isa = PBXBuildFile; fileRef = 7994B8AF263195890028C14A /* nssl0041.jpg */; };
		7994B8BA263195890028C14A /* nssl0042.jpg in Resources */ = {isa = PBXBuildFile; fileRef = 7994B8B0263195890028C14A /* nssl0042.jpg */; };
		7994B8BB263195890028C14A /* nssl0043.jpg in Resources */ = {isa = PBXBuildFile; fileRef = 7994B8B1263195890028C14A /* nssl0043.jpg */; };
		7994B8BC263195890028C14A /* nssl0033.jpg in Resources */ = {isa = PBXBuildFile; fileRef = 7994B8B2263195890028C14A /* nssl0033.jpg */; };
		7994B8BD263195890028C14A /* nssl0034.jpg in Resources */ = {isa = PBXBuildFile; fileRef = 7994B8B3263195890028C14A /* nssl0034.jpg */; };
		7994B8C2263198D80028C14A /* DetailViewController.swift in Sources */ = {isa = PBXBuildFile; fileRef = 7994B8C1263198D80028C14A /* DetailViewController.swift */; };
		7994BB292632E16E0028C14A /* Storm.swift in Sources */ = {isa = PBXBuildFile; fileRef = 7994BB282632E16E0028C14A /* Storm.swift */; };
/* End PBXBuildFile section */

/* Begin PBXContainerItemProxy section */
		7994B88A263195540028C14A /* PBXContainerItemProxy */ = {
			isa = PBXContainerItemProxy;
			containerPortal = 7994B86B2631954E0028C14A /* Project object */;
			proxyType = 1;
			remoteGlobalIDString = 7994B8722631954F0028C14A;
			remoteInfo = "Storm Viewer";
		};
		7994B895263195540028C14A /* PBXContainerItemProxy */ = {
			isa = PBXContainerItemProxy;
			containerPortal = 7994B86B2631954E0028C14A /* Project object */;
			proxyType = 1;
			remoteGlobalIDString = 7994B8722631954F0028C14A;
			remoteInfo = "Storm Viewer";
		};
/* End PBXContainerItemProxy section */

/* Begin PBXFileReference section */
		7994B8732631954F0028C14A /* Storm Viewer.app */ = {isa = PBXFileReference; explicitFileType = wrapper.application; includeInIndex = 0; path = "Storm Viewer.app"; sourceTree = BUILT_PRODUCTS_DIR; };
		7994B8762631954F0028C14A /* AppDelegate.swift */ = {isa = PBXFileReference; lastKnownFileType = sourcecode.swift; path = AppDelegate.swift; sourceTree = "<group>"; };
		7994B8782631954F0028C14A /* SceneDelegate.swift */ = {isa = PBXFileReference; lastKnownFileType = sourcecode.swift; path = SceneDelegate.swift; sourceTree = "<group>"; };
		7994B87A2631954F0028C14A /* ViewController.swift */ = {isa = PBXFileReference; lastKnownFileType = sourcecode.swift; path = ViewController.swift; sourceTree = "<group>"; };
		7994B87D2631954F0028C14A /* Base */ = {isa = PBXFileReference; lastKnownFileType = file.storyboard; name = Base; path = Base.lproj/Main.storyboard; sourceTree = "<group>"; };
		7994B87F263195540028C14A /* Assets.xcassets */ = {isa = PBXFileReference; lastKnownFileType = folder.assetcatalog; path = Assets.xcassets; sourceTree = "<group>"; };
		7994B882263195540028C14A /* Base */ = {isa = PBXFileReference; lastKnownFileType = file.storyboard; name = Base; path = Base.lproj/LaunchScreen.storyboard; sourceTree = "<group>"; };
		7994B884263195540028C14A /* Info.plist */ = {isa = PBXFileReference; lastKnownFileType = text.plist.xml; path = Info.plist; sourceTree = "<group>"; };
		7994B889263195540028C14A /* Storm ViewerTests.xctest */ = {isa = PBXFileReference; explicitFileType = wrapper.cfbundle; includeInIndex = 0; path = "Storm ViewerTests.xctest"; sourceTree = BUILT_PRODUCTS_DIR; };
		7994B88D263195540028C14A /* Storm_ViewerTests.swift */ = {isa = PBXFileReference; lastKnownFileType = sourcecode.swift; path = Storm_ViewerTests.swift; sourceTree = "<group>"; };
		7994B88F263195540028C14A /* Info.plist */ = {isa = PBXFileReference; lastKnownFileType = text.plist.xml; path = Info.plist; sourceTree = "<group>"; };
		7994B894263195540028C14A /* Storm ViewerUITests.xctest */ = {isa = PBXFileReference; explicitFileType = wrapper.cfbundle; includeInIndex = 0; path = "Storm ViewerUITests.xctest"; sourceTree = BUILT_PRODUCTS_DIR; };
		7994B898263195540028C14A /* Storm_ViewerUITests.swift */ = {isa = PBXFileReference; lastKnownFileType = sourcecode.swift; path = Storm_ViewerUITests.swift; sourceTree = "<group>"; };
		7994B89A263195540028C14A /* Info.plist */ = {isa = PBXFileReference; lastKnownFileType = text.plist.xml; path = Info.plist; sourceTree = "<group>"; };
		7994B8AA263195890028C14A /* nssl0049.jpg */ = {isa = PBXFileReference; lastKnownFileType = image.jpeg; path = nssl0049.jpg; sourceTree = "<group>"; };
		7994B8AB263195890028C14A /* nssl0046.jpg */ = {isa = PBXFileReference; lastKnownFileType = image.jpeg; path = nssl0046.jpg; sourceTree = "<group>"; };
		7994B8AC263195890028C14A /* nssl0091.jpg */ = {isa = PBXFileReference; lastKnownFileType = image.jpeg; path = nssl0091.jpg; sourceTree = "<group>"; };
		7994B8AD263195890028C14A /* nssl0045.jpg */ = {isa = PBXFileReference; lastKnownFileType = image.jpeg; path = nssl0045.jpg; sourceTree = "<group>"; };
		7994B8AE263195890028C14A /* nssl0051.jpg */ = {isa = PBXFileReference; lastKnownFileType = image.jpeg; path = nssl0051.jpg; sourceTree = "<group>"; };
		7994B8AF263195890028C14A /* nssl0041.jpg */ = {isa = PBXFileReference; lastKnownFileType = image.jpeg; path = nssl0041.jpg; sourceTree = "<group>"; };
		7994B8B0263195890028C14A /* nssl0042.jpg */ = {isa = PBXFileReference; lastKnownFileType = image.jpeg; path = nssl0042.jpg; sourceTree = "<group>"; };
		7994B8B1263195890028C14A /* nssl0043.jpg */ = {isa = PBXFileReference; lastKnownFileType = image.jpeg; path = nssl0043.jpg; sourceTree = "<group>"; };
		7994B8B2263195890028C14A /* nssl0033.jpg */ = {isa = PBXFileReference; lastKnownFileType = image.jpeg; path = nssl0033.jpg; sourceTree = "<group>"; };
		7994B8B3263195890028C14A /* nssl0034.jpg */ = {isa = PBXFileReference; lastKnownFileType = image.jpeg; path = nssl0034.jpg; sourceTree = "<group>"; };
		7994B8C1263198D80028C14A /* DetailViewController.swift */ = {isa = PBXFileReference; lastKnownFileType = sourcecode.swift; path = DetailViewController.swift; sourceTree = "<group>"; };
		7994BB282632E16E0028C14A /* Storm.swift */ = {isa = PBXFileReference; lastKnownFileType = sourcecode.swift; path = Storm.swift; sourceTree = "<group>"; };
/* End PBXFileReference section */

/* Begin PBXFrameworksBuildPhase section */
		7994B8702631954F0028C14A /* Frameworks */ = {
			isa = PBXFrameworksBuildPhase;
			buildActionMask = 2147483647;
			files = (
			);
			runOnlyForDeploymentPostprocessing = 0;
		};
		7994B886263195540028C14A /* Frameworks */ = {
			isa = PBXFrameworksBuildPhase;
			buildActionMask = 2147483647;
			files = (
			);
			runOnlyForDeploymentPostprocessing = 0;
		};
		7994B891263195540028C14A /* Frameworks */ = {
			isa = PBXFrameworksBuildPhase;
			buildActionMask = 2147483647;
			files = (
			);
			runOnlyForDeploymentPostprocessing = 0;
		};
/* End PBXFrameworksBuildPhase section */

/* Begin PBXGroup section */
		7994B86A2631954E0028C14A = {
			isa = PBXGroup;
			children = (
				7994B8752631954F0028C14A /* Storm Viewer */,
				7994B88C263195540028C14A /* Storm ViewerTests */,
				7994B897263195540028C14A /* Storm ViewerUITests */,
				7994B8742631954F0028C14A /* Products */,
			);
			sourceTree = "<group>";
		};
		7994B8742631954F0028C14A /* Products */ = {
			isa = PBXGroup;
			children = (
				7994B8732631954F0028C14A /* Storm Viewer.app */,
				7994B889263195540028C14A /* Storm ViewerTests.xctest */,
				7994B894263195540028C14A /* Storm ViewerUITests.xctest */,
			);
			name = Products;
			sourceTree = "<group>";
		};
		7994B8752631954F0028C14A /* Storm Viewer */ = {
			isa = PBXGroup;
			children = (
				7994B8762631954F0028C14A /* AppDelegate.swift */,
				7994B8782631954F0028C14A /* SceneDelegate.swift */,
				7994B87A2631954F0028C14A /* ViewController.swift */,
				7994BB282632E16E0028C14A /* Storm.swift */,
				7994B8C1263198D80028C14A /* DetailViewController.swift */,
				7994B87C2631954F0028C14A /* Main.storyboard */,
				7994B87F263195540028C14A /* Assets.xcassets */,
				7994B881263195540028C14A /* LaunchScreen.storyboard */,
				7994B884263195540028C14A /* Info.plist */,
				7994B8A9263195890028C14A /* Content */,
			);
			path = "Storm Viewer";
			sourceTree = "<group>";
		};
		7994B88C263195540028C14A /* Storm ViewerTests */ = {
			isa = PBXGroup;
			children = (
				7994B88D263195540028C14A /* Storm_ViewerTests.swift */,
				7994B88F263195540028C14A /* Info.plist */,
			);
			path = "Storm ViewerTests";
			sourceTree = "<group>";
		};
		7994B897263195540028C14A /* Storm ViewerUITests */ = {
			isa = PBXGroup;
			children = (
				7994B898263195540028C14A /* Storm_ViewerUITests.swift */,
				7994B89A263195540028C14A /* Info.plist */,
			);
			path = "Storm ViewerUITests";
			sourceTree = "<group>";
		};
		7994B8A9263195890028C14A /* Content */ = {
			isa = PBXGroup;
			children = (
				7994B8AA263195890028C14A /* nssl0049.jpg */,
				7994B8AB263195890028C14A /* nssl0046.jpg */,
				7994B8AC263195890028C14A /* nssl0091.jpg */,
				7994B8AD263195890028C14A /* nssl0045.jpg */,
				7994B8AE263195890028C14A /* nssl0051.jpg */,
				7994B8AF263195890028C14A /* nssl0041.jpg */,
				7994B8B0263195890028C14A /* nssl0042.jpg */,
				7994B8B1263195890028C14A /* nssl0043.jpg */,
				7994B8B2263195890028C14A /* nssl0033.jpg */,
				7994B8B3263195890028C14A /* nssl0034.jpg */,
			);
			path = Content;
			sourceTree = "<group>";
		};
/* End PBXGroup section */

/* Begin PBXNativeTarget section */
		7994B8722631954F0028C14A /* Storm Viewer */ = {
			isa = PBXNativeTarget;
			buildConfigurationList = 7994B89D263195540028C14A /* Build configuration list for PBXNativeTarget "Storm Viewer" */;
			buildPhases = (
				7994B86F2631954F0028C14A /* Sources */,
				7994B8702631954F0028C14A /* Frameworks */,
				7994B8712631954F0028C14A /* Resources */,
			);
			buildRules = (
			);
			dependencies = (
			);
			name = "Storm Viewer";
			productName = "Storm Viewer";
			productReference = 7994B8732631954F0028C14A /* Storm Viewer.app */;
			productType = "com.apple.product-type.application";
		};
		7994B888263195540028C14A /* Storm ViewerTests */ = {
			isa = PBXNativeTarget;
			buildConfigurationList = 7994B8A0263195540028C14A /* Build configuration list for PBXNativeTarget "Storm ViewerTests" */;
			buildPhases = (
				7994B885263195540028C14A /* Sources */,
				7994B886263195540028C14A /* Frameworks */,
				7994B887263195540028C14A /* Resources */,
			);
			buildRules = (
			);
			dependencies = (
				7994B88B263195540028C14A /* PBXTargetDependency */,
			);
			name = "Storm ViewerTests";
			productName = "Storm ViewerTests";
			productReference = 7994B889263195540028C14A /* Storm ViewerTests.xctest */;
			productType = "com.apple.product-type.bundle.unit-test";
		};
		7994B893263195540028C14A /* Storm ViewerUITests */ = {
			isa = PBXNativeTarget;
			buildConfigurationList = 7994B8A3263195540028C14A /* Build configuration list for PBXNativeTarget "Storm ViewerUITests" */;
			buildPhases = (
				7994B890263195540028C14A /* Sources */,
				7994B891263195540028C14A /* Frameworks */,
				7994B892263195540028C14A /* Resources */,
			);
			buildRules = (
			);
			dependencies = (
				7994B896263195540028C14A /* PBXTargetDependency */,
			);
			name = "Storm ViewerUITests";
			productName = "Storm ViewerUITests";
			productReference = 7994B894263195540028C14A /* Storm ViewerUITests.xctest */;
			productType = "com.apple.product-type.bundle.ui-testing";
		};
/* End PBXNativeTarget section */

/* Begin PBXProject section */
		7994B86B2631954E0028C14A /* Project object */ = {
			isa = PBXProject;
			attributes = {
				LastSwiftUpdateCheck = 1240;
				LastUpgradeCheck = 1240;
				TargetAttributes = {
					7994B8722631954F0028C14A = {
						CreatedOnToolsVersion = 12.4;
					};
					7994B888263195540028C14A = {
						CreatedOnToolsVersion = 12.4;
						TestTargetID = 7994B8722631954F0028C14A;
					};
					7994B893263195540028C14A = {
						CreatedOnToolsVersion = 12.4;
						TestTargetID = 7994B8722631954F0028C14A;
					};
				};
			};
			buildConfigurationList = 7994B86E2631954F0028C14A /* Build configuration list for PBXProject "Storm Viewer" */;
			compatibilityVersion = "Xcode 9.3";
			developmentRegion = en;
			hasScannedForEncodings = 0;
			knownRegions = (
				en,
				Base,
			);
			mainGroup = 7994B86A2631954E0028C14A;
			productRefGroup = 7994B8742631954F0028C14A /* Products */;
			projectDirPath = "";
			projectRoot = "";
			targets = (
				7994B8722631954F0028C14A /* Storm Viewer */,
				7994B888263195540028C14A /* Storm ViewerTests */,
				7994B893263195540028C14A /* Storm ViewerUITests */,
			);
		};
/* End PBXProject section */

/* Begin PBXResourcesBuildPhase section */
		7994B8712631954F0028C14A /* Resources */ = {
			isa = PBXResourcesBuildPhase;
			buildActionMask = 2147483647;
			files = (
				7994B8B5263195890028C14A /* nssl0046.jpg in Resources */,
				7994B8BC263195890028C14A /* nssl0033.jpg in Resources */,
				7994B8B8263195890028C14A /* nssl0051.jpg in Resources */,
				7994B8B6263195890028C14A /* nssl0091.jpg in Resources */,
				7994B8BB263195890028C14A /* nssl0043.jpg in Resources */,
				7994B8BD263195890028C14A /* nssl0034.jpg in Resources */,
				7994B8B4263195890028C14A /* nssl0049.jpg in Resources */,
				7994B8B9263195890028C14A /* nssl0041.jpg in Resources */,
				7994B8BA263195890028C14A /* nssl0042.jpg in Resources */,
				7994B883263195540028C14A /* LaunchScreen.storyboard in Resources */,
				7994B880263195540028C14A /* Assets.xcassets in Resources */,
				7994B8B7263195890028C14A /* nssl0045.jpg in Resources */,
				7994B87E2631954F0028C14A /* Main.storyboard in Resources */,
			);
			runOnlyForDeploymentPostprocessing = 0;
		};
		7994B887263195540028C14A /* Resources */ = {
			isa = PBXResourcesBuildPhase;
			buildActionMask = 2147483647;
			files = (
			);
			runOnlyForDeploymentPostprocessing = 0;
		};
		7994B892263195540028C14A /* Resources */ = {
			isa = PBXResourcesBuildPhase;
			buildActionMask = 2147483647;
			files = (
			);
			runOnlyForDeploymentPostprocessing = 0;
		};
/* End PBXResourcesBuildPhase section */

/* Begin PBXSourcesBuildPhase section */
		7994B86F2631954F0028C14A /* Sources */ = {
			isa = PBXSourcesBuildPhase;
			buildActionMask = 2147483647;
			files = (
				7994B87B2631954F0028C14A /* ViewController.swift in Sources */,
				7994B8772631954F0028C14A /* AppDelegate.swift in Sources */,
				7994B8792631954F0028C14A /* SceneDelegate.swift in Sources */,
				7994BB292632E16E0028C14A /* Storm.swift in Sources */,
				7994B8C2263198D80028C14A /* DetailViewController.swift in Sources */,
			);
			runOnlyForDeploymentPostprocessing = 0;
		};
		7994B885263195540028C14A /* Sources */ = {
			isa = PBXSourcesBuildPhase;
			buildActionMask = 2147483647;
			files = (
				7994B88E263195540028C14A /* Storm_ViewerTests.swift in Sources */,
			);
			runOnlyForDeploymentPostprocessing = 0;
		};
		7994B890263195540028C14A /* Sources */ = {
			isa = PBXSourcesBuildPhase;
			buildActionMask = 2147483647;
			files = (
				7994B899263195540028C14A /* Storm_ViewerUITests.swift in Sources */,
			);
			runOnlyForDeploymentPostprocessing = 0;
		};
/* End PBXSourcesBuildPhase section */

/* Begin PBXTargetDependency section */
		7994B88B263195540028C14A /* PBXTargetDependency */ = {
			isa = PBXTargetDependency;
			target = 7994B8722631954F0028C14A /* Storm Viewer */;
			targetProxy = 7994B88A263195540028C14A /* PBXContainerItemProxy */;
		};
		7994B896263195540028C14A /* PBXTargetDependency */ = {
			isa = PBXTargetDependency;
			target = 7994B8722631954F0028C14A /* Storm Viewer */;
			targetProxy = 7994B895263195540028C14A /* PBXContainerItemProxy */;
		};
/* End PBXTargetDependency section */

/* Begin PBXVariantGroup section */
		7994B87C2631954F0028C14A /* Main.storyboard */ = {
			isa = PBXVariantGroup;
			children = (
				7994B87D2631954F0028C14A /* Base */,
			);
			name = Main.storyboard;
			sourceTree = "<group>";
		};
		7994B881263195540028C14A /* LaunchScreen.storyboard */ = {
			isa = PBXVariantGroup;
			children = (
				7994B882263195540028C14A /* Base */,
			);
			name = LaunchScreen.storyboard;
			sourceTree = "<group>";
		};
/* End PBXVariantGroup section */

/* Begin XCBuildConfiguration section */
		7994B89B263195540028C14A /* Debug */ = {
			isa = XCBuildConfiguration;
			buildSettings = {
				ALWAYS_SEARCH_USER_PATHS = NO;
				CLANG_ANALYZER_NONNULL = YES;
				CLANG_ANALYZER_NUMBER_OBJECT_CONVERSION = YES_AGGRESSIVE;
				CLANG_CXX_LANGUAGE_STANDARD = "gnu++14";
				CLANG_CXX_LIBRARY = "libc++";
				CLANG_ENABLE_MODULES = YES;
				CLANG_ENABLE_OBJC_ARC = YES;
				CLANG_ENABLE_OBJC_WEAK = YES;
				CLANG_WARN_BLOCK_CAPTURE_AUTORELEASING = YES;
				CLANG_WARN_BOOL_CONVERSION = YES;
				CLANG_WARN_COMMA = YES;
				CLANG_WARN_CONSTANT_CONVERSION = YES;
				CLANG_WARN_DEPRECATED_OBJC_IMPLEMENTATIONS = YES;
				CLANG_WARN_DIRECT_OBJC_ISA_USAGE = YES_ERROR;
				CLANG_WARN_DOCUMENTATION_COMMENTS = YES;
				CLANG_WARN_EMPTY_BODY = YES;
				CLANG_WARN_ENUM_CONVERSION = YES;
				CLANG_WARN_INFINITE_RECURSION = YES;
				CLANG_WARN_INT_CONVERSION = YES;
				CLANG_WARN_NON_LITERAL_NULL_CONVERSION = YES;
				CLANG_WARN_OBJC_IMPLICIT_RETAIN_SELF = YES;
				CLANG_WARN_OBJC_LITERAL_CONVERSION = YES;
				CLANG_WARN_OBJC_ROOT_CLASS = YES_ERROR;
				CLANG_WARN_QUOTED_INCLUDE_IN_FRAMEWORK_HEADER = YES;
				CLANG_WARN_RANGE_LOOP_ANALYSIS = YES;
				CLANG_WARN_STRICT_PROTOTYPES = YES;
				CLANG_WARN_SUSPICIOUS_MOVE = YES;
				CLANG_WARN_UNGUARDED_AVAILABILITY = YES_AGGRESSIVE;
				CLANG_WARN_UNREACHABLE_CODE = YES;
				CLANG_WARN__DUPLICATE_METHOD_MATCH = YES;
				COPY_PHASE_STRIP = NO;
				DEBUG_INFORMATION_FORMAT = dwarf;
				ENABLE_STRICT_OBJC_MSGSEND = YES;
				ENABLE_TESTABILITY = YES;
				GCC_C_LANGUAGE_STANDARD = gnu11;
				GCC_DYNAMIC_NO_PIC = NO;
				GCC_NO_COMMON_BLOCKS = YES;
				GCC_OPTIMIZATION_LEVEL = 0;
				GCC_PREPROCESSOR_DEFINITIONS = (
					"DEBUG=1",
					"$(inherited)",
				);
				GCC_WARN_64_TO_32_BIT_CONVERSION = YES;
				GCC_WARN_ABOUT_RETURN_TYPE = YES_ERROR;
				GCC_WARN_UNDECLARED_SELECTOR = YES;
				GCC_WARN_UNINITIALIZED_AUTOS = YES_AGGRESSIVE;
				GCC_WARN_UNUSED_FUNCTION = YES;
				GCC_WARN_UNUSED_VARIABLE = YES;
				IPHONEOS_DEPLOYMENT_TARGET = 14.4;
				MTL_ENABLE_DEBUG_INFO = INCLUDE_SOURCE;
				MTL_FAST_MATH = YES;
				ONLY_ACTIVE_ARCH = YES;
				SDKROOT = iphoneos;
				SWIFT_ACTIVE_COMPILATION_CONDITIONS = DEBUG;
				SWIFT_OPTIMIZATION_LEVEL = "-Onone";
			};
			name = Debug;
		};
		7994B89C263195540028C14A /* Release */ = {
			isa = XCBuildConfiguration;
			buildSettings = {
				ALWAYS_SEARCH_USER_PATHS = NO;
				CLANG_ANALYZER_NONNULL = YES;
				CLANG_ANALYZER_NUMBER_OBJECT_CONVERSION = YES_AGGRESSIVE;
				CLANG_CXX_LANGUAGE_STANDARD = "gnu++14";
				CLANG_CXX_LIBRARY = "libc++";
				CLANG_ENABLE_MODULES = YES;
				CLANG_ENABLE_OBJC_ARC = YES;
				CLANG_ENABLE_OBJC_WEAK = YES;
				CLANG_WARN_BLOCK_CAPTURE_AUTORELEASING = YES;
				CLANG_WARN_BOOL_CONVERSION = YES;
				CLANG_WARN_COMMA = YES;
				CLANG_WARN_CONSTANT_CONVERSION = YES;
				CLANG_WARN_DEPRECATED_OBJC_IMPLEMENTATIONS = YES;
				CLANG_WARN_DIRECT_OBJC_ISA_USAGE = YES_ERROR;
				CLANG_WARN_DOCUMENTATION_COMMENTS = YES;
				CLANG_WARN_EMPTY_BODY = YES;
				CLANG_WARN_ENUM_CONVERSION = YES;
				CLANG_WARN_INFINITE_RECURSION = YES;
				CLANG_WARN_INT_CONVERSION = YES;
				CLANG_WARN_NON_LITERAL_NULL_CONVERSION = YES;
				CLANG_WARN_OBJC_IMPLICIT_RETAIN_SELF = YES;
				CLANG_WARN_OBJC_LITERAL_CONVERSION = YES;
				CLANG_WARN_OBJC_ROOT_CLASS = YES_ERROR;
				CLANG_WARN_QUOTED_INCLUDE_IN_FRAMEWORK_HEADER = YES;
				CLANG_WARN_RANGE_LOOP_ANALYSIS = YES;
				CLANG_WARN_STRICT_PROTOTYPES = YES;
				CLANG_WARN_SUSPICIOUS_MOVE = YES;
				CLANG_WARN_UNGUARDED_AVAILABILITY = YES_AGGRESSIVE;
				CLANG_WARN_UNREACHABLE_CODE = YES;
				CLANG_WARN__DUPLICATE_METHOD_MATCH = YES;
				COPY_PHASE_STRIP = NO;
				DEBUG_INFORMATION_FORMAT = "dwarf-with-dsym";
				ENABLE_NS_ASSERTIONS = NO;
				ENABLE_STRICT_OBJC_MSGSEND = YES;
				GCC_C_LANGUAGE_STANDARD = gnu11;
				GCC_NO_COMMON_BLOCKS = YES;
				GCC_WARN_64_TO_32_BIT_CONVERSION = YES;
				GCC_WARN_ABOUT_RETURN_TYPE = YES_ERROR;
				GCC_WARN_UNDECLARED_SELECTOR = YES;
				GCC_WARN_UNINITIALIZED_AUTOS = YES_AGGRESSIVE;
				GCC_WARN_UNUSED_FUNCTION = YES;
				GCC_WARN_UNUSED_VARIABLE = YES;
				IPHONEOS_DEPLOYMENT_TARGET = 14.4;
				MTL_ENABLE_DEBUG_INFO = NO;
				MTL_FAST_MATH = YES;
				SDKROOT = iphoneos;
				SWIFT_COMPILATION_MODE = wholemodule;
				SWIFT_OPTIMIZATION_LEVEL = "-O";
				VALIDATE_PRODUCT = YES;
			};
			name = Release;
		};
		7994B89E263195540028C14A /* Debug */ = {
			isa = XCBuildConfiguration;
			buildSettings = {
				ASSETCATALOG_COMPILER_APPICON_NAME = AppIcon;
				ASSETCATALOG_COMPILER_GLOBAL_ACCENT_COLOR_NAME = AccentColor;
				CODE_SIGN_STYLE = Automatic;
				DEVELOPMENT_TEAM = L2BC5TCSR5;
				INFOPLIST_FILE = "Storm Viewer/Info.plist";
				LD_RUNPATH_SEARCH_PATHS = (
					"$(inherited)",
					"@executable_path/Frameworks",
				);
				PRODUCT_BUNDLE_IDENTIFIER = "com.garageminfinita.Storm-Viewer";
				PRODUCT_NAME = "$(TARGET_NAME)";
				SWIFT_VERSION = 5.0;
				TARGETED_DEVICE_FAMILY = "1,2";
			};
			name = Debug;
		};
		7994B89F263195540028C14A /* Release */ = {
			isa = XCBuildConfiguration;
			buildSettings = {
				ASSETCATALOG_COMPILER_APPICON_NAME = AppIcon;
				ASSETCATALOG_COMPILER_GLOBAL_ACCENT_COLOR_NAME = AccentColor;
				CODE_SIGN_STYLE = Automatic;
				DEVELOPMENT_TEAM = L2BC5TCSR5;
				INFOPLIST_FILE = "Storm Viewer/Info.plist";
				LD_RUNPATH_SEARCH_PATHS = (
					"$(inherited)",
					"@executable_path/Frameworks",
				);
				PRODUCT_BUNDLE_IDENTIFIER = "com.garageminfinita.Storm-Viewer";
				PRODUCT_NAME = "$(TARGET_NAME)";
				SWIFT_VERSION = 5.0;
				TARGETED_DEVICE_FAMILY = "1,2";
			};
			name = Release;
		};
		7994B8A1263195540028C14A /* Debug */ = {
			isa = XCBuildConfiguration;
			buildSettings = {
				ALWAYS_EMBED_SWIFT_STANDARD_LIBRARIES = YES;
				BUNDLE_LOADER = "$(TEST_HOST)";
				CODE_SIGN_STYLE = Automatic;
				DEVELOPMENT_TEAM = L2BC5TCSR5;
				INFOPLIST_FILE = "Storm ViewerTests/Info.plist";
				IPHONEOS_DEPLOYMENT_TARGET = 14.4;
				LD_RUNPATH_SEARCH_PATHS = (
					"$(inherited)",
					"@executable_path/Frameworks",
					"@loader_path/Frameworks",
				);
				PRODUCT_BUNDLE_IDENTIFIER = "com.garageminfinita.Storm-ViewerTests";
				PRODUCT_NAME = "$(TARGET_NAME)";
				SWIFT_VERSION = 5.0;
				TARGETED_DEVICE_FAMILY = "1,2";
				TEST_HOST = "$(BUILT_PRODUCTS_DIR)/Storm Viewer.app/Storm Viewer";
			};
			name = Debug;
		};
		7994B8A2263195540028C14A /* Release */ = {
			isa = XCBuildConfiguration;
			buildSettings = {
				ALWAYS_EMBED_SWIFT_STANDARD_LIBRARIES = YES;
				BUNDLE_LOADER = "$(TEST_HOST)";
				CODE_SIGN_STYLE = Automatic;
				DEVELOPMENT_TEAM = L2BC5TCSR5;
				INFOPLIST_FILE = "Storm ViewerTests/Info.plist";
				IPHONEOS_DEPLOYMENT_TARGET = 14.4;
				LD_RUNPATH_SEARCH_PATHS = (
					"$(inherited)",
					"@executable_path/Frameworks",
					"@loader_path/Frameworks",
				);
				PRODUCT_BUNDLE_IDENTIFIER = "com.garageminfinita.Storm-ViewerTests";
				PRODUCT_NAME = "$(TARGET_NAME)";
				SWIFT_VERSION = 5.0;
				TARGETED_DEVICE_FAMILY = "1,2";
				TEST_HOST = "$(BUILT_PRODUCTS_DIR)/Storm Viewer.app/Storm Viewer";
			};
			name = Release;
		};
		7994B8A4263195540028C14A /* Debug */ = {
			isa = XCBuildConfiguration;
			buildSettings = {
				ALWAYS_EMBED_SWIFT_STANDARD_LIBRARIES = YES;
				CODE_SIGN_STYLE = Automatic;
				DEVELOPMENT_TEAM = L2BC5TCSR5;
				INFOPLIST_FILE = "Storm ViewerUITests/Info.plist";
				LD_RUNPATH_SEARCH_PATHS = (
					"$(inherited)",
					"@executable_path/Frameworks",
					"@loader_path/Frameworks",
				);
				PRODUCT_BUNDLE_IDENTIFIER = "com.garageminfinita.Storm-ViewerUITests";
				PRODUCT_NAME = "$(TARGET_NAME)";
				SWIFT_VERSION = 5.0;
				TARGETED_DEVICE_FAMILY = "1,2";
				TEST_TARGET_NAME = "Storm Viewer";
			};
			name = Debug;
		};
		7994B8A5263195540028C14A /* Release */ = {
			isa = XCBuildConfiguration;
			buildSettings = {
				ALWAYS_EMBED_SWIFT_STANDARD_LIBRARIES = YES;
				CODE_SIGN_STYLE = Automatic;
				DEVELOPMENT_TEAM = L2BC5TCSR5;
				INFOPLIST_FILE = "Storm ViewerUITests/Info.plist";
				LD_RUNPATH_SEARCH_PATHS = (
					"$(inherited)",
					"@executable_path/Frameworks",
					"@loader_path/Frameworks",
				);
				PRODUCT_BUNDLE_IDENTIFIER = "com.garageminfinita.Storm-ViewerUITests";
				PRODUCT_NAME = "$(TARGET_NAME)";
				SWIFT_VERSION = 5.0;
				TARGETED_DEVICE_FAMILY = "1,2";
				TEST_TARGET_NAME = "Storm Viewer";
			};
			name = Release;
		};
/* End XCBuildConfiguration section */

/* Begin XCConfigurationList section */
		7994B86E2631954F0028C14A /* Build configuration list for PBXProject "Storm Viewer" */ = {
			isa = XCConfigurationList;
			buildConfigurations = (
				7994B89B263195540028C14A /* Debug */,
				7994B89C263195540028C14A /* Release */,
			);
			defaultConfigurationIsVisible = 0;
			defaultConfigurationName = Release;
		};
		7994B89D263195540028C14A /* Build configuration list for PBXNativeTarget "Storm Viewer" */ = {
			isa = XCConfigurationList;
			buildConfigurations = (
				7994B89E263195540028C14A /* Debug */,
				7994B89F263195540028C14A /* Release */,
			);
			defaultConfigurationIsVisible = 0;
			defaultConfigurationName = Release;
		};
		7994B8A0263195540028C14A /* Build configuration list for PBXNativeTarget "Storm ViewerTests" */ = {
			isa = XCConfigurationList;
			buildConfigurations = (
				7994B8A1263195540028C14A /* Debug */,
				7994B8A2263195540028C14A /* Release */,
			);
			defaultConfigurationIsVisible = 0;
			defaultConfigurationName = Release;
		};
		7994B8A3263195540028C14A /* Build configuration list for PBXNativeTarget "Storm ViewerUITests" */ = {
			isa = XCConfigurationList;
			buildConfigurations = (
				7994B8A4263195540028C14A /* Debug */,
				7994B8A5263195540028C14A /* Release */,
			);
			defaultConfigurationIsVisible = 0;
			defaultConfigurationName = Release;
		};
/* End XCConfigurationList section */
	};
	rootObject = 7994B86B2631954E0028C14A /* Project object */;
}
